// !$*UTF8*$!
{
	archiveVersion = 1;
	classes = {
	};
	objectVersion = 50;
	objects = {

/* Begin PBXBuildFile section */
		4FBC589223388E37001C94B8 /* AppDelegate.swift in Sources */ = {isa = PBXBuildFile; fileRef = 4FBC589123388E37001C94B8 /* AppDelegate.swift */; };
		4FBC589423388E37001C94B8 /* SceneDelegate.swift in Sources */ = {isa = PBXBuildFile; fileRef = 4FBC589323388E37001C94B8 /* SceneDelegate.swift */; };
		4FBC589623388E37001C94B8 /* ViewController.swift in Sources */ = {isa = PBXBuildFile; fileRef = 4FBC589523388E37001C94B8 /* ViewController.swift */; };
		4FBC589923388E37001C94B8 /* Main.storyboard in Resources */ = {isa = PBXBuildFile; fileRef = 4FBC589723388E37001C94B8 /* Main.storyboard */; };
		4FBC589B23388E38001C94B8 /* Assets.xcassets in Resources */ = {isa = PBXBuildFile; fileRef = 4FBC589A23388E38001C94B8 /* Assets.xcassets */; };
		4FBC589E23388E38001C94B8 /* LaunchScreen.storyboard in Resources */ = {isa = PBXBuildFile; fileRef = 4FBC589C23388E38001C94B8 /* LaunchScreen.storyboard */; };
		4FBC58A623389686001C94B8 /* SettingViewController.swift in Sources */ = {isa = PBXBuildFile; fileRef = 4FBC58A523389686001C94B8 /* SettingViewController.swift */; };
/* End PBXBuildFile section */

/* Begin PBXFileReference section */
		4FBC588E23388E37001C94B8 /* App5.app */ = {isa = PBXFileReference; explicitFileType = wrapper.application; includeInIndex = 0; path = App5.app; sourceTree = BUILT_PRODUCTS_DIR; };
		4FBC589123388E37001C94B8 /* AppDelegate.swift */ = {isa = PBXFileReference; lastKnownFileType = sourcecode.swift; path = AppDelegate.swift; sourceTree = "<group>"; };
		4FBC589323388E37001C94B8 /* SceneDelegate.swift */ = {isa = PBXFileReference; lastKnownFileType = sourcecode.swift; path = SceneDelegate.swift; sourceTree = "<group>"; };
		4FBC589523388E37001C94B8 /* ViewController.swift */ = {isa = PBXFileReference; lastKnownFileType = sourcecode.swift; path = ViewController.swift; sourceTree = "<group>"; };
		4FBC589823388E37001C94B8 /* Base */ = {isa = PBXFileReference; lastKnownFileType = file.storyboard; name = Base; path = Base.lproj/Main.storyboard; sourceTree = "<group>"; };
		4FBC589A23388E38001C94B8 /* Assets.xcassets */ = {isa = PBXFileReference; lastKnownFileType = folder.assetcatalog; path = Assets.xcassets; sourceTree = "<group>"; };
		4FBC589D23388E38001C94B8 /* Base */ = {isa = PBXFileReference; lastKnownFileType = file.storyboard; name = Base; path = Base.lproj/LaunchScreen.storyboard; sourceTree = "<group>"; };
		4FBC589F23388E38001C94B8 /* Info.plist */ = {isa = PBXFileReference; lastKnownFileType = text.plist.xml; path = Info.plist; sourceTree = "<group>"; };
		4FBC58A523389686001C94B8 /* SettingViewController.swift */ = {isa = PBXFileReference; lastKnownFileType = sourcecode.swift; path = SettingViewController.swift; sourceTree = "<group>"; };
/* End PBXFileReference section */

/* Begin PBXFrameworksBuildPhase section */
		4FBC588B23388E37001C94B8 /* Frameworks */ = {
			isa = PBXFrameworksBuildPhase;
			buildActionMask = 2147483647;
			files = (
			);
			runOnlyForDeploymentPostprocessing = 0;
		};
/* End PBXFrameworksBuildPhase section */

/* Begin PBXGroup section */
		4FBC588523388E37001C94B8 = {
			isa = PBXGroup;
			children = (
				4FBC589023388E37001C94B8 /* App5 */,
				4FBC588F23388E37001C94B8 /* Products */,
			);
			sourceTree = "<group>";
		};
		4FBC588F23388E37001C94B8 /* Products */ = {
			isa = PBXGroup;
			children = (
				4FBC588E23388E37001C94B8 /* App5.app */,
			);
			name = Products;
			sourceTree = "<group>";
		};
		4FBC589023388E37001C94B8 /* App5 */ = {
			isa = PBXGroup;
			children = (
				4FBC589123388E37001C94B8 /* AppDelegate.swift */,
				4FBC589323388E37001C94B8 /* SceneDelegate.swift */,
				4FBC589523388E37001C94B8 /* ViewController.swift */,
				4FBC589723388E37001C94B8 /* Main.storyboard */,
				4FBC589A23388E38001C94B8 /* Assets.xcassets */,
				4FBC589C23388E38001C94B8 /* LaunchScreen.storyboard */,
				4FBC589F23388E38001C94B8 /* Info.plist */,
				4FBC58A523389686001C94B8 /* SettingViewController.swift */,
			);
			path = App5;
			sourceTree = "<group>";
		};
/* End PBXGroup section */

/* Begin PBXNativeTarget section */
		4FBC588D23388E37001C94B8 /* App5 */ = {
			isa = PBXNativeTarget;
			buildConfigurationList = 4FBC58A223388E38001C94B8 /* Build configuration list for PBXNativeTarget "App5" */;
			buildPhases = (
				4FBC588A23388E37001C94B8 /* Sources */,
				4FBC588B23388E37001C94B8 /* Frameworks */,
				4FBC588C23388E37001C94B8 /* Resources */,
			);
			buildRules = (
			);
			dependencies = (
			);
			name = App5;
			productName = App5;
			productReference = 4FBC588E23388E37001C94B8 /* App5.app */;
			productType = "com.apple.product-type.application";
		};
/* End PBXNativeTarget section */

/* Begin PBXProject section */
		4FBC588623388E37001C94B8 /* Project object */ = {
			isa = PBXProject;
			attributes = {
				LastSwiftUpdateCheck = 1100;
				LastUpgradeCheck = 1100;
				ORGANIZATIONNAME = "田代創大";
				TargetAttributes = {
					4FBC588D23388E37001C94B8 = {
						CreatedOnToolsVersion = 11.0;
					};
				};
			};
			buildConfigurationList = 4FBC588923388E37001C94B8 /* Build configuration list for PBXProject "App5" */;
			compatibilityVersion = "Xcode 9.3";
			developmentRegion = en;
			hasScannedForEncodings = 0;
			knownRegions = (
				en,
				Base,
			);
			mainGroup = 4FBC588523388E37001C94B8;
			productRefGroup = 4FBC588F23388E37001C94B8 /* Products */;
			projectDirPath = "";
			projectRoot = "";
			targets = (
				4FBC588D23388E37001C94B8 /* App5 */,
			);
		};
/* End PBXProject section */

/* Begin PBXResourcesBuildPhase section */
		4FBC588C23388E37001C94B8 /* Resources */ = {
			isa = PBXResourcesBuildPhase;
			buildActionMask = 2147483647;
			files = (
				4FBC589E23388E38001C94B8 /* LaunchScreen.storyboard in Resources */,
				4FBC589B23388E38001C94B8 /* Assets.xcassets in Resources */,
				4FBC589923388E37001C94B8 /* Main.storyboard in Resources */,
			);
			runOnlyForDeploymentPostprocessing = 0;
		};
/* End PBXResourcesBuildPhase section */

/* Begin PBXSourcesBuildPhase section */
		4FBC588A23388E37001C94B8 /* Sources */ = {
			isa = PBXSourcesBuildPhase;
			buildActionMask = 2147483647;
			files = (
				4FBC589623388E37001C94B8 /* ViewController.swift in Sources */,
				4FBC589223388E37001C94B8 /* AppDelegate.swift in Sources */,
				4FBC589423388E37001C94B8 /* SceneDelegate.swift in Sources */,
				4FBC58A623389686001C94B8 /* SettingViewController.swift in Sources */,
			);
			runOnlyForDeploymentPostprocessing = 0;
		};
/* End PBXSourcesBuildPhase section */

/* Begin PBXVariantGroup section */
		4FBC589723388E37001C94B8 /* Main.storyboard */ = {
			isa = PBXVariantGroup;
			children = (
				4FBC589823388E37001C94B8 /* Base */,
			);
			name = Main.storyboard;
			sourceTree = "<group>";
		};
		4FBC589C23388E38001C94B8 /* LaunchScreen.storyboard */ = {
			isa = PBXVariantGroup;
			children = (
				4FBC589D23388E38001C94B8 /* Base */,
			);
			name = LaunchScreen.storyboard;
			sourceTree = "<group>";
		};
/* End PBXVariantGroup section */

/* Begin XCBuildConfiguration section */
		4FBC58A023388E38001C94B8 /* Debug */ = {
			isa = XCBuildConfiguration;
			buildSettings = {
				ALWAYS_SEARCH_USER_PATHS = NO;
				CLANG_ANALYZER_NONNULL = YES;
				CLANG_ANALYZER_NUMBER_OBJECT_CONVERSION = YES_AGGRESSIVE;
				CLANG_CXX_LANGUAGE_STANDARD = "gnu++14";
				CLANG_CXX_LIBRARY = "libc++";
				CLANG_ENABLE_MODULES = YES;
				CLANG_ENABLE_OBJC_ARC = YES;
				CLANG_ENABLE_OBJC_WEAK = YES;
				CLANG_WARN_BLOCK_CAPTURE_AUTORELEASING = YES;
				CLANG_WARN_BOOL_CONVERSION = YES;
				CLANG_WARN_COMMA = YES;
				CLANG_WARN_CONSTANT_CONVERSION = YES;
				CLANG_WARN_DEPRECATED_OBJC_IMPLEMENTATIONS = YES;
				CLANG_WARN_DIRECT_OBJC_ISA_USAGE = YES_ERROR;
				CLANG_WARN_DOCUMENTATION_COMMENTS = YES;
				CLANG_WARN_EMPTY_BODY = YES;
				CLANG_WARN_ENUM_CONVERSION = YES;
				CLANG_WARN_INFINITE_RECURSION = YES;
				CLANG_WARN_INT_CONVERSION = YES;
				CLANG_WARN_NON_LITERAL_NULL_CONVERSION = YES;
				CLANG_WARN_OBJC_IMPLICIT_RETAIN_SELF = YES;
				CLANG_WARN_OBJC_LITERAL_CONVERSION = YES;
				CLANG_WARN_OBJC_ROOT_CLASS = YES_ERROR;
				CLANG_WARN_RANGE_LOOP_ANALYSIS = YES;
				CLANG_WARN_STRICT_PROTOTYPES = YES;
				CLANG_WARN_SUSPICIOUS_MOVE = YES;
				CLANG_WARN_UNGUARDED_AVAILABILITY = YES_AGGRESSIVE;
				CLANG_WARN_UNREACHABLE_CODE = YES;
				CLANG_WARN__DUPLICATE_METHOD_MATCH = YES;
				COPY_PHASE_STRIP = NO;
				DEBUG_INFORMATION_FORMAT = dwarf;
				ENABLE_STRICT_OBJC_MSGSEND = YES;
				ENABLE_TESTABILITY = YES;
				GCC_C_LANGUAGE_STANDARD = gnu11;
				GCC_DYNAMIC_NO_PIC = NO;
				GCC_NO_COMMON_BLOCKS = YES;
				GCC_OPTIMIZATION_LEVEL = 0;
				GCC_PREPROCESSOR_DEFINITIONS = (
					"DEBUG=1",
					"$(inherited)",
				);
				GCC_WARN_64_TO_32_BIT_CONVERSION = YES;
				GCC_WARN_ABOUT_RETURN_TYPE = YES_ERROR;
				GCC_WARN_UNDECLARED_SELECTOR = YES;
				GCC_WARN_UNINITIALIZED_AUTOS = YES_AGGRESSIVE;
				GCC_WARN_UNUSED_FUNCTION = YES;
				GCC_WARN_UNUSED_VARIABLE = YES;
				IPHONEOS_DEPLOYMENT_TARGET = 13.0;
				MTL_ENABLE_DEBUG_INFO = INCLUDE_SOURCE;
				MTL_FAST_MATH = YES;
				ONLY_ACTIVE_ARCH = YES;
				SDKROOT = iphoneos;
				SWIFT_ACTIVE_COMPILATION_CONDITIONS = DEBUG;
				SWIFT_OPTIMIZATION_LEVEL = "-Onone";
			};
			name = Debug;
		};
		4FBC58A123388E38001C94B8 /* Release */ = {
			isa = XCBuildConfiguration;
			buildSettings = {
				ALWAYS_SEARCH_USER_PATHS = NO;
				CLANG_ANALYZER_NONNULL = YES;
				CLANG_ANALYZER_NUMBER_OBJECT_CONVERSION = YES_AGGRESSIVE;
				CLANG_CXX_LANGUAGE_STANDARD = "gnu++14";
				CLANG_CXX_LIBRARY = "libc++";
				CLANG_ENABLE_MODULES = YES;
				CLANG_ENABLE_OBJC_ARC = YES;
				CLANG_ENABLE_OBJC_WEAK = YES;
				CLANG_WARN_BLOCK_CAPTURE_AUTORELEASING = YES;
				CLANG_WARN_BOOL_CONVERSION = YES;
				CLANG_WARN_COMMA = YES;
				CLANG_WARN_CONSTANT_CONVERSION = YES;
				CLANG_WARN_DEPRECATED_OBJC_IMPLEMENTATIONS = YES;
				CLANG_WARN_DIRECT_OBJC_ISA_USAGE = YES_ERROR;
				CLANG_WARN_DOCUMENTATION_COMMENTS = YES;
				CLANG_WARN_EMPTY_BODY = YES;
				CLANG_WARN_ENUM_CONVERSION = YES;
				CLANG_WARN_INFINITE_RECURSION = YES;
				CLANG_WARN_INT_CONVERSION = YES;
				CLANG_WARN_NON_LITERAL_NULL_CONVERSION = YES;
				CLANG_WARN_OBJC_IMPLICIT_RETAIN_SELF = YES;
				CLANG_WARN_OBJC_LITERAL_CONVERSION = YES;
				CLANG_WARN_OBJC_ROOT_CLASS = YES_ERROR;
				CLANG_WARN_RANGE_LOOP_ANALYSIS = YES;
				CLANG_WARN_STRICT_PROTOTYPES = YES;
				CLANG_WARN_SUSPICIOUS_MOVE = YES;
				CLANG_WARN_UNGUARDED_AVAILABILITY = YES_AGGRESSIVE;
				CLANG_WARN_UNREACHABLE_CODE = YES;
				CLANG_WARN__DUPLICATE_METHOD_MATCH = YES;
				COPY_PHASE_STRIP = NO;
				DEBUG_INFORMATION_FORMAT = "dwarf-with-dsym";
				ENABLE_NS_ASSERTIONS = NO;
				ENABLE_STRICT_OBJC_MSGSEND = YES;
				GCC_C_LANGUAGE_STANDARD = gnu11;
				GCC_NO_COMMON_BLOCKS = YES;
				GCC_WARN_64_TO_32_BIT_CONVERSION = YES;
				GCC_WARN_ABOUT_RETURN_TYPE = YES_ERROR;
				GCC_WARN_UNDECLARED_SELECTOR = YES;
				GCC_WARN_UNINITIALIZED_AUTOS = YES_AGGRESSIVE;
				GCC_WARN_UNUSED_FUNCTION = YES;
				GCC_WARN_UNUSED_VARIABLE = YES;
				IPHONEOS_DEPLOYMENT_TARGET = 13.0;
				MTL_ENABLE_DEBUG_INFO = NO;
				MTL_FAST_MATH = YES;
				SDKROOT = iphoneos;
				SWIFT_COMPILATION_MODE = wholemodule;
				SWIFT_OPTIMIZATION_LEVEL = "-O";
				VALIDATE_PRODUCT = YES;
			};
			name = Release;
		};
		4FBC58A323388E38001C94B8 /* Debug */ = {
			isa = XCBuildConfiguration;
			buildSettings = {
				ASSETCATALOG_COMPILER_APPICON_NAME = AppIcon;
				CODE_SIGN_STYLE = Automatic;
				DEVELOPMENT_TEAM = 3SA59R7QB4;
				INFOPLIST_FILE = App5/Info.plist;
				LD_RUNPATH_SEARCH_PATHS = (
					"$(inherited)",
					"@executable_path/Frameworks",
				);
				PRODUCT_BUNDLE_IDENTIFIER = "com.gmail-g4160hc.App5";
				PRODUCT_NAME = "$(TARGET_NAME)";
				SWIFT_VERSION = 5.0;
				TARGETED_DEVICE_FAMILY = "1,2";
			};
			name = Debug;
		};
		4FBC58A423388E38001C94B8 /* Release */ = {
			isa = XCBuildConfiguration;
			buildSettings = {
				ASSETCATALOG_COMPILER_APPICON_NAME = AppIcon;
				CODE_SIGN_STYLE = Automatic;
				DEVELOPMENT_TEAM = 3SA59R7QB4;
				INFOPLIST_FILE = App5/Info.plist;
				LD_RUNPATH_SEARCH_PATHS = (
					"$(inherited)",
					"@executable_path/Frameworks",
				);
				PRODUCT_BUNDLE_IDENTIFIER = "com.gmail-g4160hc.App5";
				PRODUCT_NAME = "$(TARGET_NAME)";
				SWIFT_VERSION = 5.0;
				TARGETED_DEVICE_FAMILY = "1,2";
			};
			name = Release;
		};
/* End XCBuildConfiguration section */

/* Begin XCConfigurationList section */
		4FBC588923388E37001C94B8 /* Build configuration list for PBXProject "App5" */ = {
			isa = XCConfigurationList;
			buildConfigurations = (
				4FBC58A023388E38001C94B8 /* Debug */,
				4FBC58A123388E38001C94B8 /* Release */,
			);
			defaultConfigurationIsVisible = 0;
			defaultConfigurationName = Release;
		};
		4FBC58A223388E38001C94B8 /* Build configuration list for PBXNativeTarget "App5" */ = {
			isa = XCConfigurationList;
			buildConfigurations = (
				4FBC58A323388E38001C94B8 /* Debug */,
				4FBC58A423388E38001C94B8 /* Release */,
			);
			defaultConfigurationIsVisible = 0;
			defaultConfigurationName = Release;
		};
/* End XCConfigurationList section */
	};
	rootObject = 4FBC588623388E37001C94B8 /* Project object */;
}
